
Microsoft Visual Studio Solution File, Format Version 12.00
# Visual Studio Version 16
VisualStudioVersion = 25.0.1706.0
MinimumVisualStudioVersion = 10.0.40219.1
Project("{FAE04EC0-301F-11D3-BF4B-00C04F79EFBC}") = "powerprice-cs", "powerprice-cs\powerprice-cs.csproj", "{70EE3F38-DA0C-4FF4-B808-8A73DF65B032}"
EndProject
Project("{FAE04EC0-301F-11D3-BF4B-00C04F79EFBC}") = "powerprice-cs-server-service", "powerprice-server-service\powerprice-cs-server-service.csproj", "{7695D1D0-8E35-4F62-BD91-C6D0751595B0}"
EndProject
Project("{FAE04EC0-301F-11D3-BF4B-00C04F79EFBC}") = "powerprice-cs-server", "powerprice-cs-server\powerprice-cs-server.csproj", "{D331A97C-5FD1-4841-9F48-51EEF0549F60}"
EndProject
Global
	GlobalSection(SolutionConfigurationPlatforms) = preSolution
		Debug|Any CPU = Debug|Any CPU
		Release|Any CPU = Release|Any CPU
	EndGlobalSection
	GlobalSection(ProjectConfigurationPlatforms) = postSolution
		{70EE3F38-DA0C-4FF4-B808-8A73DF65B032}.Debug|Any CPU.ActiveCfg = Debug|Any CPU
		{70EE3F38-DA0C-4FF4-B808-8A73DF65B032}.Debug|Any CPU.Build.0 = Debug|Any CPU
		{70EE3F38-DA0C-4FF4-B808-8A73DF65B032}.Release|Any CPU.ActiveCfg = Release|Any CPU
		{70EE3F38-DA0C-4FF4-B808-8A73DF65B032}.Release|Any CPU.Build.0 = Release|Any CPU
		{7695D1D0-8E35-4F62-BD91-C6D0751595B0}.Debug|Any CPU.ActiveCfg = Debug|Any CPU
		{7695D1D0-8E35-4F62-BD91-C6D0751595B0}.Debug|Any CPU.Build.0 = Debug|Any CPU
		{7695D1D0-8E35-4F62-BD91-C6D0751595B0}.Release|Any CPU.ActiveCfg = Release|Any CPU
		{7695D1D0-8E35-4F62-BD91-C6D0751595B0}.Release|Any CPU.Build.0 = Release|Any CPU
		{D331A97C-5FD1-4841-9F48-51EEF0549F60}.Debug|Any CPU.ActiveCfg = Debug|Any CPU
		{D331A97C-5FD1-4841-9F48-51EEF0549F60}.Debug|Any CPU.Build.0 = Debug|Any CPU
		{D331A97C-5FD1-4841-9F48-51EEF0549F60}.Release|Any CPU.ActiveCfg = Release|Any CPU
		{D331A97C-5FD1-4841-9F48-51EEF0549F60}.Release|Any CPU.Build.0 = Release|Any CPU
	EndGlobalSection
	GlobalSection(SolutionProperties) = preSolution
		HideSolutionNode = FALSE
	EndGlobalSection
	GlobalSection(ExtensibilityGlobals) = postSolution
		SolutionGuid = {507C5DBA-8959-4D5F-AB0A-44CC8618406C}
	EndGlobalSection
EndGlobal
